// !$*UTF8*$!
{
	archiveVersion = 1;
	classes = {
	};
	objectVersion = 46;
	objects = {

/* Begin PBXBuildFile section */
		EDC516121C1A9981000CC52F /* main.m in Sources */ = {isa = PBXBuildFile; fileRef = EDC516111C1A9981000CC52F /* main.m */; };
		EDC516151C1A9981000CC52F /* AppDelegate.m in Sources */ = {isa = PBXBuildFile; fileRef = EDC516141C1A9981000CC52F /* AppDelegate.m */; };
		EDC5161B1C1A9981000CC52F /* Main.storyboard in Resources */ = {isa = PBXBuildFile; fileRef = EDC516191C1A9981000CC52F /* Main.storyboard */; };
		EDC5161D1C1A9981000CC52F /* Assets.xcassets in Resources */ = {isa = PBXBuildFile; fileRef = EDC5161C1C1A9981000CC52F /* Assets.xcassets */; };
		EDC516201C1A9981000CC52F /* LaunchScreen.storyboard in Resources */ = {isa = PBXBuildFile; fileRef = EDC5161E1C1A9981000CC52F /* LaunchScreen.storyboard */; };
		EDC5162C1C1A9A59000CC52F /* BRALunchViewController.m in Sources */ = {isa = PBXBuildFile; fileRef = EDC5162B1C1A9A59000CC52F /* BRALunchViewController.m */; };
		EDC5162F1C1A9AD6000CC52F /* BRAInternetsViewController.m in Sources */ = {isa = PBXBuildFile; fileRef = EDC5162E1C1A9AD6000CC52F /* BRAInternetsViewController.m */; };
		EDC516321C1A9D7E000CC52F /* BRACustomTabBar.m in Sources */ = {isa = PBXBuildFile; fileRef = EDC516311C1A9D7E000CC52F /* BRACustomTabBar.m */; };
		EDC516361C1AA0F6000CC52F /* UIColor+LunchTyme.m in Sources */ = {isa = PBXBuildFile; fileRef = EDC516351C1AA0F6000CC52F /* UIColor+LunchTyme.m */; };
		EDC516461C1AA81B000CC52F /* AFHTTPSessionManager.m in Sources */ = {isa = PBXBuildFile; fileRef = EDC5163A1C1AA81B000CC52F /* AFHTTPSessionManager.m */; };
		EDC516471C1AA81B000CC52F /* AFNetworkReachabilityManager.m in Sources */ = {isa = PBXBuildFile; fileRef = EDC5163D1C1AA81B000CC52F /* AFNetworkReachabilityManager.m */; };
		EDC516481C1AA81B000CC52F /* AFSecurityPolicy.m in Sources */ = {isa = PBXBuildFile; fileRef = EDC5163F1C1AA81B000CC52F /* AFSecurityPolicy.m */; };
		EDC516491C1AA81B000CC52F /* AFURLRequestSerialization.m in Sources */ = {isa = PBXBuildFile; fileRef = EDC516411C1AA81B000CC52F /* AFURLRequestSerialization.m */; };
		EDC5164A1C1AA81B000CC52F /* AFURLResponseSerialization.m in Sources */ = {isa = PBXBuildFile; fileRef = EDC516431C1AA81B000CC52F /* AFURLResponseSerialization.m */; };
		EDC5164B1C1AA81B000CC52F /* AFURLSessionManager.m in Sources */ = {isa = PBXBuildFile; fileRef = EDC516451C1AA81B000CC52F /* AFURLSessionManager.m */; };
		EDC5164E1C1ABC88000CC52F /* BRALunchCollectionViewCell.m in Sources */ = {isa = PBXBuildFile; fileRef = EDC5164D1C1ABC88000CC52F /* BRALunchCollectionViewCell.m */; };
/* End PBXBuildFile section */

/* Begin PBXFileReference section */
		EDC5160D1C1A9981000CC52F /* LunchTyme.app */ = {isa = PBXFileReference; explicitFileType = wrapper.application; includeInIndex = 0; path = LunchTyme.app; sourceTree = BUILT_PRODUCTS_DIR; };
		EDC516111C1A9981000CC52F /* main.m */ = {isa = PBXFileReference; lastKnownFileType = sourcecode.c.objc; path = main.m; sourceTree = "<group>"; };
		EDC516131C1A9981000CC52F /* AppDelegate.h */ = {isa = PBXFileReference; lastKnownFileType = sourcecode.c.h; path = AppDelegate.h; sourceTree = "<group>"; };
		EDC516141C1A9981000CC52F /* AppDelegate.m */ = {isa = PBXFileReference; lastKnownFileType = sourcecode.c.objc; path = AppDelegate.m; sourceTree = "<group>"; };
		EDC5161A1C1A9981000CC52F /* Base */ = {isa = PBXFileReference; lastKnownFileType = file.storyboard; name = Base; path = Base.lproj/Main.storyboard; sourceTree = "<group>"; };
		EDC5161C1C1A9981000CC52F /* Assets.xcassets */ = {isa = PBXFileReference; lastKnownFileType = folder.assetcatalog; path = Assets.xcassets; sourceTree = "<group>"; };
		EDC5161F1C1A9981000CC52F /* Base */ = {isa = PBXFileReference; lastKnownFileType = file.storyboard; name = Base; path = Base.lproj/LaunchScreen.storyboard; sourceTree = "<group>"; };
		EDC516211C1A9981000CC52F /* Info.plist */ = {isa = PBXFileReference; lastKnownFileType = text.plist.xml; path = Info.plist; sourceTree = "<group>"; };
		EDC5162A1C1A9A40000CC52F /* BRALunchViewController.h */ = {isa = PBXFileReference; lastKnownFileType = sourcecode.c.h; name = BRALunchViewController.h; path = Controller/BRALunchViewController.h; sourceTree = "<group>"; };
		EDC5162B1C1A9A59000CC52F /* BRALunchViewController.m */ = {isa = PBXFileReference; fileEncoding = 4; lastKnownFileType = sourcecode.c.objc; name = BRALunchViewController.m; path = Controller/BRALunchViewController.m; sourceTree = "<group>"; };
		EDC5162D1C1A9AC0000CC52F /* BRAInternetsViewController.h */ = {isa = PBXFileReference; lastKnownFileType = sourcecode.c.h; name = BRAInternetsViewController.h; path = Controller/BRAInternetsViewController.h; sourceTree = "<group>"; };
		EDC5162E1C1A9AD6000CC52F /* BRAInternetsViewController.m */ = {isa = PBXFileReference; fileEncoding = 4; lastKnownFileType = sourcecode.c.objc; name = BRAInternetsViewController.m; path = Controller/BRAInternetsViewController.m; sourceTree = "<group>"; };
		EDC516301C1A9D6B000CC52F /* BRACustomTabBar.h */ = {isa = PBXFileReference; lastKnownFileType = sourcecode.c.h; name = BRACustomTabBar.h; path = View/BRACustomTabBar.h; sourceTree = "<group>"; };
		EDC516311C1A9D7E000CC52F /* BRACustomTabBar.m */ = {isa = PBXFileReference; fileEncoding = 4; lastKnownFileType = sourcecode.c.objc; name = BRACustomTabBar.m; path = View/BRACustomTabBar.m; sourceTree = "<group>"; };
		EDC516341C1AA0DB000CC52F /* UIColor+LunchTyme.h */ = {isa = PBXFileReference; lastKnownFileType = sourcecode.c.h; name = "UIColor+LunchTyme.h"; path = "Extpand/UIColor+LunchTyme.h"; sourceTree = "<group>"; };
		EDC516351C1AA0F6000CC52F /* UIColor+LunchTyme.m */ = {isa = PBXFileReference; fileEncoding = 4; lastKnownFileType = sourcecode.c.objc; name = "UIColor+LunchTyme.m"; path = "Extpand/UIColor+LunchTyme.m"; sourceTree = "<group>"; };
		EDC516391C1AA81B000CC52F /* AFHTTPSessionManager.h */ = {isa = PBXFileReference; fileEncoding = 4; lastKnownFileType = sourcecode.c.h; name = AFHTTPSessionManager.h; path = External/AFNetworking/AFHTTPSessionManager.h; sourceTree = "<group>"; };
		EDC5163A1C1AA81B000CC52F /* AFHTTPSessionManager.m */ = {isa = PBXFileReference; fileEncoding = 4; lastKnownFileType = sourcecode.c.objc; name = AFHTTPSessionManager.m; path = External/AFNetworking/AFHTTPSessionManager.m; sourceTree = "<group>"; };
		EDC5163B1C1AA81B000CC52F /* AFNetworking.h */ = {isa = PBXFileReference; fileEncoding = 4; lastKnownFileType = sourcecode.c.h; name = AFNetworking.h; path = External/AFNetworking/AFNetworking.h; sourceTree = "<group>"; };
		EDC5163C1C1AA81B000CC52F /* AFNetworkReachabilityManager.h */ = {isa = PBXFileReference; fileEncoding = 4; lastKnownFileType = sourcecode.c.h; name = AFNetworkReachabilityManager.h; path = External/AFNetworking/AFNetworkReachabilityManager.h; sourceTree = "<group>"; };
		EDC5163D1C1AA81B000CC52F /* AFNetworkReachabilityManager.m */ = {isa = PBXFileReference; fileEncoding = 4; lastKnownFileType = sourcecode.c.objc; name = AFNetworkReachabilityManager.m; path = External/AFNetworking/AFNetworkReachabilityManager.m; sourceTree = "<group>"; };
		EDC5163E1C1AA81B000CC52F /* AFSecurityPolicy.h */ = {isa = PBXFileReference; fileEncoding = 4; lastKnownFileType = sourcecode.c.h; name = AFSecurityPolicy.h; path = External/AFNetworking/AFSecurityPolicy.h; sourceTree = "<group>"; };
		EDC5163F1C1AA81B000CC52F /* AFSecurityPolicy.m */ = {isa = PBXFileReference; fileEncoding = 4; lastKnownFileType = sourcecode.c.objc; name = AFSecurityPolicy.m; path = External/AFNetworking/AFSecurityPolicy.m; sourceTree = "<group>"; };
		EDC516401C1AA81B000CC52F /* AFURLRequestSerialization.h */ = {isa = PBXFileReference; fileEncoding = 4; lastKnownFileType = sourcecode.c.h; name = AFURLRequestSerialization.h; path = External/AFNetworking/AFURLRequestSerialization.h; sourceTree = "<group>"; };
		EDC516411C1AA81B000CC52F /* AFURLRequestSerialization.m */ = {isa = PBXFileReference; fileEncoding = 4; lastKnownFileType = sourcecode.c.objc; name = AFURLRequestSerialization.m; path = External/AFNetworking/AFURLRequestSerialization.m; sourceTree = "<group>"; };
		EDC516421C1AA81B000CC52F /* AFURLResponseSerialization.h */ = {isa = PBXFileReference; fileEncoding = 4; lastKnownFileType = sourcecode.c.h; name = AFURLResponseSerialization.h; path = External/AFNetworking/AFURLResponseSerialization.h; sourceTree = "<group>"; };
		EDC516431C1AA81B000CC52F /* AFURLResponseSerialization.m */ = {isa = PBXFileReference; fileEncoding = 4; lastKnownFileType = sourcecode.c.objc; name = AFURLResponseSerialization.m; path = External/AFNetworking/AFURLResponseSerialization.m; sourceTree = "<group>"; };
		EDC516441C1AA81B000CC52F /* AFURLSessionManager.h */ = {isa = PBXFileReference; fileEncoding = 4; lastKnownFileType = sourcecode.c.h; name = AFURLSessionManager.h; path = External/AFNetworking/AFURLSessionManager.h; sourceTree = "<group>"; };
		EDC516451C1AA81B000CC52F /* AFURLSessionManager.m */ = {isa = PBXFileReference; fileEncoding = 4; lastKnownFileType = sourcecode.c.objc; name = AFURLSessionManager.m; path = External/AFNetworking/AFURLSessionManager.m; sourceTree = "<group>"; };
		EDC5164C1C1ABC1D000CC52F /* BRALunchCollectionViewCell.h */ = {isa = PBXFileReference; lastKnownFileType = sourcecode.c.h; name = BRALunchCollectionViewCell.h; path = View/BRALunchCollectionViewCell.h; sourceTree = "<group>"; };
		EDC5164D1C1ABC88000CC52F /* BRALunchCollectionViewCell.m */ = {isa = PBXFileReference; fileEncoding = 4; lastKnownFileType = sourcecode.c.objc; name = BRALunchCollectionViewCell.m; path = View/BRALunchCollectionViewCell.m; sourceTree = "<group>"; };
/* End PBXFileReference section */

/* Begin PBXFrameworksBuildPhase section */
		EDC5160A1C1A9981000CC52F /* Frameworks */ = {
			isa = PBXFrameworksBuildPhase;
			buildActionMask = 2147483647;
			files = (
			);
			runOnlyForDeploymentPostprocessing = 0;
		};
/* End PBXFrameworksBuildPhase section */

/* Begin PBXGroup section */
		EDC516041C1A9981000CC52F = {
			isa = PBXGroup;
			children = (
				EDC5160F1C1A9981000CC52F /* LunchTyme */,
				EDC5160E1C1A9981000CC52F /* Products */,
			);
			sourceTree = "<group>";
		};
		EDC5160E1C1A9981000CC52F /* Products */ = {
			isa = PBXGroup;
			children = (
				EDC5160D1C1A9981000CC52F /* LunchTyme.app */,
			);
			name = Products;
			sourceTree = "<group>";
		};
		EDC5160F1C1A9981000CC52F /* LunchTyme */ = {
			isa = PBXGroup;
			children = (
				EDC516371C1AA7FB000CC52F /* External */,
				EDC516331C1AA0BB000CC52F /* Expand */,
				EDC516291C1A9A03000CC52F /* Controller */,
				EDC516281C1A99FE000CC52F /* View */,
				EDC516271C1A99F6000CC52F /* Model */,
				EDC516131C1A9981000CC52F /* AppDelegate.h */,
				EDC516141C1A9981000CC52F /* AppDelegate.m */,
				EDC516191C1A9981000CC52F /* Main.storyboard */,
				EDC5161C1C1A9981000CC52F /* Assets.xcassets */,
				EDC5161E1C1A9981000CC52F /* LaunchScreen.storyboard */,
				EDC516211C1A9981000CC52F /* Info.plist */,
				EDC516101C1A9981000CC52F /* Supporting Files */,
			);
			path = LunchTyme;
			sourceTree = "<group>";
		};
		EDC516101C1A9981000CC52F /* Supporting Files */ = {
			isa = PBXGroup;
			children = (
				EDC516111C1A9981000CC52F /* main.m */,
			);
			name = "Supporting Files";
			sourceTree = "<group>";
		};
		EDC516271C1A99F6000CC52F /* Model */ = {
			isa = PBXGroup;
			children = (
			);
			name = Model;
			sourceTree = "<group>";
		};
		EDC516281C1A99FE000CC52F /* View */ = {
			isa = PBXGroup;
			children = (
				EDC516301C1A9D6B000CC52F /* BRACustomTabBar.h */,
				EDC516311C1A9D7E000CC52F /* BRACustomTabBar.m */,
				EDC5164C1C1ABC1D000CC52F /* BRALunchCollectionViewCell.h */,
				EDC5164D1C1ABC88000CC52F /* BRALunchCollectionViewCell.m */,
			);
			name = View;
			sourceTree = "<group>";
		};
		EDC516291C1A9A03000CC52F /* Controller */ = {
			isa = PBXGroup;
			children = (
				EDC5162A1C1A9A40000CC52F /* BRALunchViewController.h */,
				EDC5162B1C1A9A59000CC52F /* BRALunchViewController.m */,
				EDC5162D1C1A9AC0000CC52F /* BRAInternetsViewController.h */,
				EDC5162E1C1A9AD6000CC52F /* BRAInternetsViewController.m */,
			);
			name = Controller;
			sourceTree = "<group>";
		};
		EDC516331C1AA0BB000CC52F /* Expand */ = {
			isa = PBXGroup;
			children = (
				EDC516341C1AA0DB000CC52F /* UIColor+LunchTyme.h */,
				EDC516351C1AA0F6000CC52F /* UIColor+LunchTyme.m */,
			);
			name = Expand;
			sourceTree = "<group>";
		};
		EDC516371C1AA7FB000CC52F /* External */ = {
			isa = PBXGroup;
			children = (
				EDC516381C1AA809000CC52F /* AFNetworking */,
			);
			name = External;
			sourceTree = "<group>";
		};
		EDC516381C1AA809000CC52F /* AFNetworking */ = {
			isa = PBXGroup;
			children = (
				EDC516391C1AA81B000CC52F /* AFHTTPSessionManager.h */,
				EDC5163A1C1AA81B000CC52F /* AFHTTPSessionManager.m */,
				EDC5163B1C1AA81B000CC52F /* AFNetworking.h */,
				EDC5163C1C1AA81B000CC52F /* AFNetworkReachabilityManager.h */,
				EDC5163D1C1AA81B000CC52F /* AFNetworkReachabilityManager.m */,
				EDC5163E1C1AA81B000CC52F /* AFSecurityPolicy.h */,
				EDC5163F1C1AA81B000CC52F /* AFSecurityPolicy.m */,
				EDC516401C1AA81B000CC52F /* AFURLRequestSerialization.h */,
				EDC516411C1AA81B000CC52F /* AFURLRequestSerialization.m */,
				EDC516421C1AA81B000CC52F /* AFURLResponseSerialization.h */,
				EDC516431C1AA81B000CC52F /* AFURLResponseSerialization.m */,
				EDC516441C1AA81B000CC52F /* AFURLSessionManager.h */,
				EDC516451C1AA81B000CC52F /* AFURLSessionManager.m */,
			);
			name = AFNetworking;
			sourceTree = "<group>";
		};
/* End PBXGroup section */

/* Begin PBXNativeTarget section */
		EDC5160C1C1A9981000CC52F /* LunchTyme */ = {
			isa = PBXNativeTarget;
			buildConfigurationList = EDC516241C1A9981000CC52F /* Build configuration list for PBXNativeTarget "LunchTyme" */;
			buildPhases = (
				EDC516091C1A9981000CC52F /* Sources */,
				EDC5160A1C1A9981000CC52F /* Frameworks */,
				EDC5160B1C1A9981000CC52F /* Resources */,
			);
			buildRules = (
			);
			dependencies = (
			);
			name = LunchTyme;
			productName = LunchTyme;
			productReference = EDC5160D1C1A9981000CC52F /* LunchTyme.app */;
			productType = "com.apple.product-type.application";
		};
/* End PBXNativeTarget section */

/* Begin PBXProject section */
		EDC516051C1A9981000CC52F /* Project object */ = {
			isa = PBXProject;
			attributes = {
				LastUpgradeCheck = 0710;
				ORGANIZATIONNAME = likers33;
				TargetAttributes = {
					EDC5160C1C1A9981000CC52F = {
						CreatedOnToolsVersion = 7.1.1;
					};
				};
			};
			buildConfigurationList = EDC516081C1A9981000CC52F /* Build configuration list for PBXProject "LunchTyme" */;
			compatibilityVersion = "Xcode 3.2";
			developmentRegion = English;
			hasScannedForEncodings = 0;
			knownRegions = (
				en,
				Base,
			);
			mainGroup = EDC516041C1A9981000CC52F;
			productRefGroup = EDC5160E1C1A9981000CC52F /* Products */;
			projectDirPath = "";
			projectRoot = "";
			targets = (
				EDC5160C1C1A9981000CC52F /* LunchTyme */,
			);
		};
/* End PBXProject section */

/* Begin PBXResourcesBuildPhase section */
		EDC5160B1C1A9981000CC52F /* Resources */ = {
			isa = PBXResourcesBuildPhase;
			buildActionMask = 2147483647;
			files = (
				EDC516201C1A9981000CC52F /* LaunchScreen.storyboard in Resources */,
				EDC5161D1C1A9981000CC52F /* Assets.xcassets in Resources */,
				EDC5161B1C1A9981000CC52F /* Main.storyboard in Resources */,
			);
			runOnlyForDeploymentPostprocessing = 0;
		};
/* End PBXResourcesBuildPhase section */

/* Begin PBXSourcesBuildPhase section */
		EDC516091C1A9981000CC52F /* Sources */ = {
			isa = PBXSourcesBuildPhase;
			buildActionMask = 2147483647;
			files = (
				EDC516151C1A9981000CC52F /* AppDelegate.m in Sources */,
				EDC516481C1AA81B000CC52F /* AFSecurityPolicy.m in Sources */,
				EDC516361C1AA0F6000CC52F /* UIColor+LunchTyme.m in Sources */,
				EDC5162C1C1A9A59000CC52F /* BRALunchViewController.m in Sources */,
				EDC5164A1C1AA81B000CC52F /* AFURLResponseSerialization.m in Sources */,
				EDC516121C1A9981000CC52F /* main.m in Sources */,
				EDC5164E1C1ABC88000CC52F /* BRALunchCollectionViewCell.m in Sources */,
				EDC516321C1A9D7E000CC52F /* BRACustomTabBar.m in Sources */,
				EDC516461C1AA81B000CC52F /* AFHTTPSessionManager.m in Sources */,
				EDC516491C1AA81B000CC52F /* AFURLRequestSerialization.m in Sources */,
				EDC5164B1C1AA81B000CC52F /* AFURLSessionManager.m in Sources */,
				EDC516471C1AA81B000CC52F /* AFNetworkReachabilityManager.m in Sources */,
				EDC5162F1C1A9AD6000CC52F /* BRAInternetsViewController.m in Sources */,
			);
			runOnlyForDeploymentPostprocessing = 0;
		};
/* End PBXSourcesBuildPhase section */

/* Begin PBXVariantGroup section */
		EDC516191C1A9981000CC52F /* Main.storyboard */ = {
			isa = PBXVariantGroup;
			children = (
				EDC5161A1C1A9981000CC52F /* Base */,
			);
			name = Main.storyboard;
			sourceTree = "<group>";
		};
		EDC5161E1C1A9981000CC52F /* LaunchScreen.storyboard */ = {
			isa = PBXVariantGroup;
			children = (
				EDC5161F1C1A9981000CC52F /* Base */,
			);
			name = LaunchScreen.storyboard;
			sourceTree = "<group>";
		};
/* End PBXVariantGroup section */

/* Begin XCBuildConfiguration section */
		EDC516221C1A9981000CC52F /* Debug */ = {
			isa = XCBuildConfiguration;
			buildSettings = {
				ALWAYS_SEARCH_USER_PATHS = NO;
				CLANG_CXX_LANGUAGE_STANDARD = "gnu++0x";
				CLANG_CXX_LIBRARY = "libc++";
				CLANG_ENABLE_MODULES = YES;
				CLANG_ENABLE_OBJC_ARC = YES;
				CLANG_WARN_BOOL_CONVERSION = YES;
				CLANG_WARN_CONSTANT_CONVERSION = YES;
				CLANG_WARN_DIRECT_OBJC_ISA_USAGE = YES_ERROR;
				CLANG_WARN_EMPTY_BODY = YES;
				CLANG_WARN_ENUM_CONVERSION = YES;
				CLANG_WARN_INT_CONVERSION = YES;
				CLANG_WARN_OBJC_ROOT_CLASS = YES_ERROR;
				CLANG_WARN_UNREACHABLE_CODE = YES;
				CLANG_WARN__DUPLICATE_METHOD_MATCH = YES;
				"CODE_SIGN_IDENTITY[sdk=iphoneos*]" = "iPhone Developer";
				COPY_PHASE_STRIP = NO;
				DEBUG_INFORMATION_FORMAT = dwarf;
				ENABLE_STRICT_OBJC_MSGSEND = YES;
				ENABLE_TESTABILITY = YES;
				GCC_C_LANGUAGE_STANDARD = gnu99;
				GCC_DYNAMIC_NO_PIC = NO;
				GCC_NO_COMMON_BLOCKS = YES;
				GCC_OPTIMIZATION_LEVEL = 0;
				GCC_PREPROCESSOR_DEFINITIONS = (
					"DEBUG=1",
					"$(inherited)",
				);
				GCC_WARN_64_TO_32_BIT_CONVERSION = YES;
				GCC_WARN_ABOUT_RETURN_TYPE = YES_ERROR;
				GCC_WARN_UNDECLARED_SELECTOR = YES;
				GCC_WARN_UNINITIALIZED_AUTOS = YES_AGGRESSIVE;
				GCC_WARN_UNUSED_FUNCTION = YES;
				GCC_WARN_UNUSED_VARIABLE = YES;
				IPHONEOS_DEPLOYMENT_TARGET = 9.1;
				MTL_ENABLE_DEBUG_INFO = YES;
				ONLY_ACTIVE_ARCH = YES;
				SDKROOT = iphoneos;
				TARGETED_DEVICE_FAMILY = "1,2";
			};
			name = Debug;
		};
		EDC516231C1A9981000CC52F /* Release */ = {
			isa = XCBuildConfiguration;
			buildSettings = {
				ALWAYS_SEARCH_USER_PATHS = NO;
				CLANG_CXX_LANGUAGE_STANDARD = "gnu++0x";
				CLANG_CXX_LIBRARY = "libc++";
				CLANG_ENABLE_MODULES = YES;
				CLANG_ENABLE_OBJC_ARC = YES;
				CLANG_WARN_BOOL_CONVERSION = YES;
				CLANG_WARN_CONSTANT_CONVERSION = YES;
				CLANG_WARN_DIRECT_OBJC_ISA_USAGE = YES_ERROR;
				CLANG_WARN_EMPTY_BODY = YES;
				CLANG_WARN_ENUM_CONVERSION = YES;
				CLANG_WARN_INT_CONVERSION = YES;
				CLANG_WARN_OBJC_ROOT_CLASS = YES_ERROR;
				CLANG_WARN_UNREACHABLE_CODE = YES;
				CLANG_WARN__DUPLICATE_METHOD_MATCH = YES;
				"CODE_SIGN_IDENTITY[sdk=iphoneos*]" = "iPhone Developer";
				COPY_PHASE_STRIP = NO;
				DEBUG_INFORMATION_FORMAT = "dwarf-with-dsym";
				ENABLE_NS_ASSERTIONS = NO;
				ENABLE_STRICT_OBJC_MSGSEND = YES;
				GCC_C_LANGUAGE_STANDARD = gnu99;
				GCC_NO_COMMON_BLOCKS = YES;
				GCC_WARN_64_TO_32_BIT_CONVERSION = YES;
				GCC_WARN_ABOUT_RETURN_TYPE = YES_ERROR;
				GCC_WARN_UNDECLARED_SELECTOR = YES;
				GCC_WARN_UNINITIALIZED_AUTOS = YES_AGGRESSIVE;
				GCC_WARN_UNUSED_FUNCTION = YES;
				GCC_WARN_UNUSED_VARIABLE = YES;
				IPHONEOS_DEPLOYMENT_TARGET = 9.1;
				MTL_ENABLE_DEBUG_INFO = NO;
				SDKROOT = iphoneos;
				TARGETED_DEVICE_FAMILY = "1,2";
				VALIDATE_PRODUCT = YES;
			};
			name = Release;
		};
		EDC516251C1A9981000CC52F /* Debug */ = {
			isa = XCBuildConfiguration;
			buildSettings = {
				ASSETCATALOG_COMPILER_APPICON_NAME = AppIcon;
				INFOPLIST_FILE = LunchTyme/Info.plist;
				LD_RUNPATH_SEARCH_PATHS = "$(inherited) @executable_path/Frameworks";
				PRODUCT_BUNDLE_IDENTIFIER = com.likers33.LunchTyme;
				PRODUCT_NAME = "$(TARGET_NAME)";
			};
			name = Debug;
		};
		EDC516261C1A9981000CC52F /* Release */ = {
			isa = XCBuildConfiguration;
			buildSettings = {
				ASSETCATALOG_COMPILER_APPICON_NAME = AppIcon;
				INFOPLIST_FILE = LunchTyme/Info.plist;
				LD_RUNPATH_SEARCH_PATHS = "$(inherited) @executable_path/Frameworks";
				PRODUCT_BUNDLE_IDENTIFIER = com.likers33.LunchTyme;
				PRODUCT_NAME = "$(TARGET_NAME)";
			};
			name = Release;
		};
/* End XCBuildConfiguration section */

/* Begin XCConfigurationList section */
		EDC516081C1A9981000CC52F /* Build configuration list for PBXProject "LunchTyme" */ = {
			isa = XCConfigurationList;
			buildConfigurations = (
				EDC516221C1A9981000CC52F /* Debug */,
				EDC516231C1A9981000CC52F /* Release */,
			);
			defaultConfigurationIsVisible = 0;
			defaultConfigurationName = Release;
		};
		EDC516241C1A9981000CC52F /* Build configuration list for PBXNativeTarget "LunchTyme" */ = {
			isa = XCConfigurationList;
			buildConfigurations = (
				EDC516251C1A9981000CC52F /* Debug */,
				EDC516261C1A9981000CC52F /* Release */,
			);
			defaultConfigurationIsVisible = 0;
			defaultConfigurationName = Release;
		};
/* End XCConfigurationList section */
	};
	rootObject = EDC516051C1A9981000CC52F /* Project object */;
}
